
Microsoft Visual Studio Solution File, Format Version 12.00
# Visual Studio Version 16
VisualStudioVersion = 16.0.30523.141
MinimumVisualStudioVersion = 10.0.40219.1
Project("{FAE04EC0-301F-11D3-BF4B-00C04F79EFBC}") = "Server", "Server\Server.csproj", "{262B62DF-7059-4215-8F22-1A04CA5BC273}"
EndProject
Project("{13B669BE-BB05-4DDF-9536-439F39A36129}") = "MantisBTPeachPie", "MantisBTPeachPie\MantisBTPeachPie.msbuildproj", "{F9E0EB18-0CBA-4DBD-B1CA-FF0099263E97}"
EndProject
Global
	GlobalSection(SolutionConfigurationPlatforms) = preSolution
		Debug|Any CPU = Debug|Any CPU
		Release|Any CPU = Release|Any CPU
	EndGlobalSection
	GlobalSection(ProjectConfigurationPlatforms) = postSolution
		{262B62DF-7059-4215-8F22-1A04CA5BC273}.Debug|Any CPU.ActiveCfg = Debug|Any CPU
		{262B62DF-7059-4215-8F22-1A04CA5BC273}.Debug|Any CPU.Build.0 = Debug|Any CPU
		{262B62DF-7059-4215-8F22-1A04CA5BC273}.Release|Any CPU.ActiveCfg = Release|Any CPU
		{262B62DF-7059-4215-8F22-1A04CA5BC273}.Release|Any CPU.Build.0 = Release|Any CPU
		{F9E0EB18-0CBA-4DBD-B1CA-FF0099263E97}.Debug|Any CPU.ActiveCfg = Debug|Any CPU
		{F9E0EB18-0CBA-4DBD-B1CA-FF0099263E97}.Debug|Any CPU.Build.0 = Debug|Any CPU
		{F9E0EB18-0CBA-4DBD-B1CA-FF0099263E97}.Release|Any CPU.ActiveCfg = Release|Any CPU
		{F9E0EB18-0CBA-4DBD-B1CA-FF0099263E97}.Release|Any CPU.Build.0 = Release|Any CPU
	EndGlobalSection
	GlobalSection(SolutionProperties) = preSolution
		HideSolutionNode = FALSE
	EndGlobalSection
	GlobalSection(ExtensibilityGlobals) = postSolution
		SolutionGuid = {AD5934B1-CB1E-45A4-A3B8-A04E264565E8}
	EndGlobalSection
EndGlobal
